// !$*UTF8*$!
{
	archiveVersion = 1;
	classes = {
	};
	objectVersion = 46;
	objects = {

/* Begin PBXBuildFile section */
		4193CD521D075497008685AF /* AppDelegate.swift in Sources */ = {isa = PBXBuildFile; fileRef = 4193CD511D075497008685AF /* AppDelegate.swift */; };
		4193CD541D075497008685AF /* ViewController.swift in Sources */ = {isa = PBXBuildFile; fileRef = 4193CD531D075497008685AF /* ViewController.swift */; };
		4193CD571D075497008685AF /* Main.storyboard in Resources */ = {isa = PBXBuildFile; fileRef = 4193CD551D075497008685AF /* Main.storyboard */; };
		4193CD591D075497008685AF /* Assets.xcassets in Resources */ = {isa = PBXBuildFile; fileRef = 4193CD581D075497008685AF /* Assets.xcassets */; };
		4193CD5C1D075497008685AF /* LaunchScreen.storyboard in Resources */ = {isa = PBXBuildFile; fileRef = 4193CD5A1D075497008685AF /* LaunchScreen.storyboard */; };
/* End PBXBuildFile section */

/* Begin PBXFileReference section */
		4193CD4E1D075497008685AF /* YardSaleFinder.app */ = {isa = PBXFileReference; explicitFileType = wrapper.application; includeInIndex = 0; path = YardSaleFinder.app; sourceTree = BUILT_PRODUCTS_DIR; };
		4193CD511D075497008685AF /* AppDelegate.swift */ = {isa = PBXFileReference; lastKnownFileType = sourcecode.swift; path = AppDelegate.swift; sourceTree = "<group>"; };
		4193CD531D075497008685AF /* ViewController.swift */ = {isa = PBXFileReference; lastKnownFileType = sourcecode.swift; path = ViewController.swift; sourceTree = "<group>"; };
		4193CD561D075497008685AF /* Base */ = {isa = PBXFileReference; lastKnownFileType = file.storyboard; name = Base; path = Base.lproj/Main.storyboard; sourceTree = "<group>"; };
		4193CD581D075497008685AF /* Assets.xcassets */ = {isa = PBXFileReference; lastKnownFileType = folder.assetcatalog; path = Assets.xcassets; sourceTree = "<group>"; };
		4193CD5B1D075497008685AF /* Base */ = {isa = PBXFileReference; lastKnownFileType = file.storyboard; name = Base; path = Base.lproj/LaunchScreen.storyboard; sourceTree = "<group>"; };
		4193CD5D1D075497008685AF /* Info.plist */ = {isa = PBXFileReference; lastKnownFileType = text.plist.xml; path = Info.plist; sourceTree = "<group>"; };
/* End PBXFileReference section */

/* Begin PBXFrameworksBuildPhase section */
		4193CD4B1D075497008685AF /* Frameworks */ = {
			isa = PBXFrameworksBuildPhase;
			buildActionMask = 2147483647;
			files = (
			);
			runOnlyForDeploymentPostprocessing = 0;
		};
/* End PBXFrameworksBuildPhase section */

/* Begin PBXGroup section */
		4193CD451D075497008685AF = {
			isa = PBXGroup;
			children = (
				4193CD501D075497008685AF /* YardSaleFinder */,
				4193CD4F1D075497008685AF /* Products */,
			);
			sourceTree = "<group>";
		};
		4193CD4F1D075497008685AF /* Products */ = {
			isa = PBXGroup;
			children = (
				4193CD4E1D075497008685AF /* YardSaleFinder.app */,
			);
			name = Products;
			sourceTree = "<group>";
		};
		4193CD501D075497008685AF /* YardSaleFinder */ = {
			isa = PBXGroup;
			children = (
				4193CD511D075497008685AF /* AppDelegate.swift */,
				4193CD531D075497008685AF /* ViewController.swift */,
				4193CD551D075497008685AF /* Main.storyboard */,
				4193CD581D075497008685AF /* Assets.xcassets */,
				4193CD5A1D075497008685AF /* LaunchScreen.storyboard */,
				4193CD5D1D075497008685AF /* Info.plist */,
			);
			path = YardSaleFinder;
			sourceTree = "<group>";
		};
/* End PBXGroup section */

/* Begin PBXNativeTarget section */
		4193CD4D1D075497008685AF /* YardSaleFinder */ = {
			isa = PBXNativeTarget;
			buildConfigurationList = 4193CD601D075497008685AF /* Build configuration list for PBXNativeTarget "YardSaleFinder" */;
			buildPhases = (
				4193CD4A1D075497008685AF /* Sources */,
				4193CD4B1D075497008685AF /* Frameworks */,
				4193CD4C1D075497008685AF /* Resources */,
			);
			buildRules = (
			);
			dependencies = (
			);
			name = YardSaleFinder;
			productName = YardSaleFinder;
			productReference = 4193CD4E1D075497008685AF /* YardSaleFinder.app */;
			productType = "com.apple.product-type.application";
		};
/* End PBXNativeTarget section */

/* Begin PBXProject section */
		4193CD461D075497008685AF /* Project object */ = {
			isa = PBXProject;
			attributes = {
				LastSwiftUpdateCheck = 0730;
				LastUpgradeCheck = 0730;
				ORGANIZATIONNAME = "Donny Davis";
				TargetAttributes = {
					4193CD4D1D075497008685AF = {
						CreatedOnToolsVersion = 7.3;
					};
				};
			};
			buildConfigurationList = 4193CD491D075497008685AF /* Build configuration list for PBXProject "YardSaleFinder" */;
			compatibilityVersion = "Xcode 3.2";
			developmentRegion = English;
			hasScannedForEncodings = 0;
			knownRegions = (
				en,
				Base,
			);
			mainGroup = 4193CD451D075497008685AF;
			productRefGroup = 4193CD4F1D075497008685AF /* Products */;
			projectDirPath = "";
			projectRoot = "";
			targets = (
				4193CD4D1D075497008685AF /* YardSaleFinder */,
			);
		};
/* End PBXProject section */

/* Begin PBXResourcesBuildPhase section */
		4193CD4C1D075497008685AF /* Resources */ = {
			isa = PBXResourcesBuildPhase;
			buildActionMask = 2147483647;
			files = (
				4193CD5C1D075497008685AF /* LaunchScreen.storyboard in Resources */,
				4193CD591D075497008685AF /* Assets.xcassets in Resources */,
				4193CD571D075497008685AF /* Main.storyboard in Resources */,
			);
			runOnlyForDeploymentPostprocessing = 0;
		};
/* End PBXResourcesBuildPhase section */

/* Begin PBXSourcesBuildPhase section */
		4193CD4A1D075497008685AF /* Sources */ = {
			isa = PBXSourcesBuildPhase;
			buildActionMask = 2147483647;
			files = (
				4193CD541D075497008685AF /* ViewController.swift in Sources */,
				4193CD521D075497008685AF /* AppDelegate.swift in Sources */,
			);
			runOnlyForDeploymentPostprocessing = 0;
		};
/* End PBXSourcesBuildPhase section */

/* Begin PBXVariantGroup section */
		4193CD551D075497008685AF /* Main.storyboard */ = {
			isa = PBXVariantGroup;
			children = (
				4193CD561D075497008685AF /* Base */,
			);
			name = Main.storyboard;
			sourceTree = "<group>";
		};
		4193CD5A1D075497008685AF /* LaunchScreen.storyboard */ = {
			isa = PBXVariantGroup;
			children = (
				4193CD5B1D075497008685AF /* Base */,
			);
			name = LaunchScreen.storyboard;
			sourceTree = "<group>";
		};
/* End PBXVariantGroup section */

/* Begin XCBuildConfiguration section */
		4193CD5E1D075497008685AF /* Debug */ = {
			isa = XCBuildConfiguration;
			buildSettings = {
				ALWAYS_SEARCH_USER_PATHS = NO;
				CLANG_ANALYZER_NONNULL = YES;
				CLANG_CXX_LANGUAGE_STANDARD = "gnu++0x";
				CLANG_CXX_LIBRARY = "libc++";
				CLANG_ENABLE_MODULES = YES;
				CLANG_ENABLE_OBJC_ARC = YES;
				CLANG_WARN_BOOL_CONVERSION = YES;
				CLANG_WARN_CONSTANT_CONVERSION = YES;
				CLANG_WARN_DIRECT_OBJC_ISA_USAGE = YES_ERROR;
				CLANG_WARN_EMPTY_BODY = YES;
				CLANG_WARN_ENUM_CONVERSION = YES;
				CLANG_WARN_INT_CONVERSION = YES;
				CLANG_WARN_OBJC_ROOT_CLASS = YES_ERROR;
				CLANG_WARN_UNREACHABLE_CODE = YES;
				CLANG_WARN__DUPLICATE_METHOD_MATCH = YES;
				"CODE_SIGN_IDENTITY[sdk=iphoneos*]" = "iPhone Developer";
				COPY_PHASE_STRIP = NO;
				DEBUG_INFORMATION_FORMAT = dwarf;
				ENABLE_STRICT_OBJC_MSGSEND = YES;
				ENABLE_TESTABILITY = YES;
				GCC_C_LANGUAGE_STANDARD = gnu99;
				GCC_DYNAMIC_NO_PIC = NO;
				GCC_NO_COMMON_BLOCKS = YES;
				GCC_OPTIMIZATION_LEVEL = 0;
				GCC_PREPROCESSOR_DEFINITIONS = (
					"DEBUG=1",
					"$(inherited)",
				);
				GCC_WARN_64_TO_32_BIT_CONVERSION = YES;
				GCC_WARN_ABOUT_RETURN_TYPE = YES_ERROR;
				GCC_WARN_UNDECLARED_SELECTOR = YES;
				GCC_WARN_UNINITIALIZED_AUTOS = YES_AGGRESSIVE;
				GCC_WARN_UNUSED_FUNCTION = YES;
				GCC_WARN_UNUSED_VARIABLE = YES;
				IPHONEOS_DEPLOYMENT_TARGET = 9.3;
				MTL_ENABLE_DEBUG_INFO = YES;
				ONLY_ACTIVE_ARCH = YES;
				SDKROOT = iphoneos;
				SWIFT_OPTIMIZATION_LEVEL = "-Onone";
				TARGETED_DEVICE_FAMILY = "1,2";
			};
			name = Debug;
		};
		4193CD5F1D075497008685AF /* Release */ = {
			isa = XCBuildConfiguration;
			buildSettings = {
				ALWAYS_SEARCH_USER_PATHS = NO;
				CLANG_ANALYZER_NONNULL = YES;
				CLANG_CXX_LANGUAGE_STANDARD = "gnu++0x";
				CLANG_CXX_LIBRARY = "libc++";
				CLANG_ENABLE_MODULES = YES;
				CLANG_ENABLE_OBJC_ARC = YES;
				CLANG_WARN_BOOL_CONVERSION = YES;
				CLANG_WARN_CONSTANT_CONVERSION = YES;
				CLANG_WARN_DIRECT_OBJC_ISA_USAGE = YES_ERROR;
				CLANG_WARN_EMPTY_BODY = YES;
				CLANG_WARN_ENUM_CONVERSION = YES;
				CLANG_WARN_INT_CONVERSION = YES;
				CLANG_WARN_OBJC_ROOT_CLASS = YES_ERROR;
				CLANG_WARN_UNREACHABLE_CODE = YES;
				CLANG_WARN__DUPLICATE_METHOD_MATCH = YES;
				"CODE_SIGN_IDENTITY[sdk=iphoneos*]" = "iPhone Developer";
				COPY_PHASE_STRIP = NO;
				DEBUG_INFORMATION_FORMAT = "dwarf-with-dsym";
				ENABLE_NS_ASSERTIONS = NO;
				ENABLE_STRICT_OBJC_MSGSEND = YES;
				GCC_C_LANGUAGE_STANDARD = gnu99;
				GCC_NO_COMMON_BLOCKS = YES;
				GCC_WARN_64_TO_32_BIT_CONVERSION = YES;
				GCC_WARN_ABOUT_RETURN_TYPE = YES_ERROR;
				GCC_WARN_UNDECLARED_SELECTOR = YES;
				GCC_WARN_UNINITIALIZED_AUTOS = YES_AGGRESSIVE;
				GCC_WARN_UNUSED_FUNCTION = YES;
				GCC_WARN_UNUSED_VARIABLE = YES;
				IPHONEOS_DEPLOYMENT_TARGET = 9.3;
				MTL_ENABLE_DEBUG_INFO = NO;
				SDKROOT = iphoneos;
				TARGETED_DEVICE_FAMILY = "1,2";
				VALIDATE_PRODUCT = YES;
			};
			name = Release;
		};
		4193CD611D075497008685AF /* Debug */ = {
			isa = XCBuildConfiguration;
			buildSettings = {
				ASSETCATALOG_COMPILER_APPICON_NAME = AppIcon;
				INFOPLIST_FILE = YardSaleFinder/Info.plist;
				LD_RUNPATH_SEARCH_PATHS = "$(inherited) @executable_path/Frameworks";
				PRODUCT_BUNDLE_IDENTIFIER = com.donnywdavis.YardSaleFinder;
				PRODUCT_NAME = "$(TARGET_NAME)";
			};
			name = Debug;
		};
		4193CD621D075497008685AF /* Release */ = {
			isa = XCBuildConfiguration;
			buildSettings = {
				ASSETCATALOG_COMPILER_APPICON_NAME = AppIcon;
				INFOPLIST_FILE = YardSaleFinder/Info.plist;
				LD_RUNPATH_SEARCH_PATHS = "$(inherited) @executable_path/Frameworks";
				PRODUCT_BUNDLE_IDENTIFIER = com.donnywdavis.YardSaleFinder;
				PRODUCT_NAME = "$(TARGET_NAME)";
			};
			name = Release;
		};
/* End XCBuildConfiguration section */

/* Begin XCConfigurationList section */
		4193CD491D075497008685AF /* Build configuration list for PBXProject "YardSaleFinder" */ = {
			isa = XCConfigurationList;
			buildConfigurations = (
				4193CD5E1D075497008685AF /* Debug */,
				4193CD5F1D075497008685AF /* Release */,
			);
			defaultConfigurationIsVisible = 0;
			defaultConfigurationName = Release;
		};
		4193CD601D075497008685AF /* Build configuration list for PBXNativeTarget "YardSaleFinder" */ = {
			isa = XCConfigurationList;
			buildConfigurations = (
				4193CD611D075497008685AF /* Debug */,
				4193CD621D075497008685AF /* Release */,
			);
			defaultConfigurationIsVisible = 0;
		};
/* End XCConfigurationList section */
	};
	rootObject = 4193CD461D075497008685AF /* Project object */;
}
